
Microsoft Visual Studio Solution File, Format Version 12.00
Project("{FAE04EC0-301F-11D3-BF4B-00C04F79EFBC}") = "Cadwise.ATM", "Cadwise.ATM\Cadwise.ATM.csproj", "{AB4FBBA8-E619-438D-A456-FB3051D111E9}"
EndProject
Project("{FAE04EC0-301F-11D3-BF4B-00C04F79EFBC}") = "Cadwise.ATM.Test", "Cadwise.ATM.Test\Cadwise.ATM.Test.csproj", "{C203D2B0-F1CE-40B2-B5EF-909A1B85781E}"
EndProject
Project("{FAE04EC0-301F-11D3-BF4B-00C04F79EFBC}") = "Cadwise.ATM.Console", "Cadwise.ATM.Console\Cadwise.ATM.Console.csproj", "{392E7127-F1B4-47DF-9240-C9FEA031CBE5}"
EndProject
Project("{2150E333-8FDC-42A3-9474-1A3956D46DE8}") = "Assets", "Assets", "{AAFDCA0E-6E83-4BCB-9C92-981716D1ACAF}"
	ProjectSection(SolutionItems) = preProject
		..\.gitignore = ..\.gitignore
		..\README.md = ..\README.md
	EndProjectSection
EndProject
Global
	GlobalSection(SolutionConfigurationPlatforms) = preSolution
		Debug|Any CPU = Debug|Any CPU
		Release|Any CPU = Release|Any CPU
	EndGlobalSection
	GlobalSection(ProjectConfigurationPlatforms) = postSolution
		{AB4FBBA8-E619-438D-A456-FB3051D111E9}.Debug|Any CPU.ActiveCfg = Debug|Any CPU
		{AB4FBBA8-E619-438D-A456-FB3051D111E9}.Debug|Any CPU.Build.0 = Debug|Any CPU
		{AB4FBBA8-E619-438D-A456-FB3051D111E9}.Release|Any CPU.ActiveCfg = Release|Any CPU
		{AB4FBBA8-E619-438D-A456-FB3051D111E9}.Release|Any CPU.Build.0 = Release|Any CPU
		{C203D2B0-F1CE-40B2-B5EF-909A1B85781E}.Debug|Any CPU.ActiveCfg = Debug|Any CPU
		{C203D2B0-F1CE-40B2-B5EF-909A1B85781E}.Debug|Any CPU.Build.0 = Debug|Any CPU
		{C203D2B0-F1CE-40B2-B5EF-909A1B85781E}.Release|Any CPU.ActiveCfg = Release|Any CPU
		{C203D2B0-F1CE-40B2-B5EF-909A1B85781E}.Release|Any CPU.Build.0 = Release|Any CPU
		{392E7127-F1B4-47DF-9240-C9FEA031CBE5}.Debug|Any CPU.ActiveCfg = Debug|Any CPU
		{392E7127-F1B4-47DF-9240-C9FEA031CBE5}.Debug|Any CPU.Build.0 = Debug|Any CPU
		{392E7127-F1B4-47DF-9240-C9FEA031CBE5}.Release|Any CPU.ActiveCfg = Release|Any CPU
		{392E7127-F1B4-47DF-9240-C9FEA031CBE5}.Release|Any CPU.Build.0 = Release|Any CPU
	EndGlobalSection
EndGlobal
